<?xml version="1.0" encoding="utf-8"?>
<Project ToolsVersion="17.0" xmlns="http://schemas.microsoft.com/developer/msbuild/2003">
  <ItemGroup>
    <CustomBuild Include="C:\Users\Zwuiix\nitr0\CMakeFiles\27f446916b3f33b718c68d0c66aafa9f\INSTALL_force.rule">
      <Filter>CMake Rules</Filter>
    </CustomBuild>
  </ItemGroup>
  <ItemGroup>
    <Filter Include="CMake Rules">
      <UniqueIdentifier>{65605B0D-B17D-3675-BC21-62113AFC0714}</UniqueIdentifier>
    </Filter>
  </ItemGroup>
</Project>
